
Microsoft Visual Studio Solution File, Format Version 12.00
# Visual Studio 15
Project("{FAE04EC0-301F-11D3-BF4B-00C04F79EFBC}") = "Assembly-CSharp", "Assembly-CSharp.csproj", "{3AD31DC0-6605-884B-6E13-E0545314547B}"
EndProject
Project("{FAE04EC0-301F-11D3-BF4B-00C04F79EFBC}") = "Assembly-CSharp-Editor", "Assembly-CSharp-Editor.csproj", "{F5772221-C620-D27E-205B-F2A135B1B7F7}"
EndProject
Global
	GlobalSection(SolutionConfigurationPlatforms) = preSolution
		Debug|Any CPU = Debug|Any CPU
		Release|Any CPU = Release|Any CPU
	EndGlobalSection
	GlobalSection(ProjectConfigurationPlatforms) = postSolution
		{3AD31DC0-6605-884B-6E13-E0545314547B}.Debug|Any CPU.ActiveCfg = Debug|Any CPU
		{3AD31DC0-6605-884B-6E13-E0545314547B}.Debug|Any CPU.Build.0 = Debug|Any CPU
		{3AD31DC0-6605-884B-6E13-E0545314547B}.Release|Any CPU.ActiveCfg = Release|Any CPU
		{3AD31DC0-6605-884B-6E13-E0545314547B}.Release|Any CPU.Build.0 = Release|Any CPU
		{F5772221-C620-D27E-205B-F2A135B1B7F7}.Debug|Any CPU.ActiveCfg = Debug|Any CPU
		{F5772221-C620-D27E-205B-F2A135B1B7F7}.Debug|Any CPU.Build.0 = Debug|Any CPU
		{F5772221-C620-D27E-205B-F2A135B1B7F7}.Release|Any CPU.ActiveCfg = Release|Any CPU
		{F5772221-C620-D27E-205B-F2A135B1B7F7}.Release|Any CPU.Build.0 = Release|Any CPU
	EndGlobalSection
	GlobalSection(SolutionProperties) = preSolution
		HideSolutionNode = FALSE
	EndGlobalSection
EndGlobal
